// !$*UTF8*$!
{
	archiveVersion = 1;
	classes = {
	};
	objectVersion = 52;
	objects = {

/* Begin PBXBuildFile section */
		1A0000010000000000000001 /* main.m in Sources */ = {isa = PBXBuildFile; fileRef = 1A0000010000000000000011 /* main.m */; };
		1A0000010000000000000002 /* AppDelegate.mm in Sources */ = {isa = PBXBuildFile; fileRef = 1A0000010000000000000012 /* AppDelegate.mm */; };
		1A0000010000000000000003 /* LaunchScreen.storyboard in Resources */ = {isa = PBXBuildFile; fileRef = 1A0000010000000000000013 /* LaunchScreen.storyboard */; };
		44B0598F90B72B37CDF374B6 /* libPods-FinanceAppRN.a in Frameworks */ = {isa = PBXBuildFile; fileRef = D817A7C3275971E1E80CF02C /* libPods-FinanceAppRN.a */; };
/* End PBXBuildFile section */

/* Begin PBXFileReference section */
		1A0000010000000000000011 /* main.m */ = {isa = PBXFileReference; lastKnownFileType = sourcecode.c.objc; path = main.m; sourceTree = "<group>"; };
		1A0000010000000000000012 /* AppDelegate.mm */ = {isa = PBXFileReference; lastKnownFileType = sourcecode.cpp.objcpp; path = AppDelegate.mm; sourceTree = "<group>"; };
		1A0000010000000000000013 /* LaunchScreen.storyboard */ = {isa = PBXFileReference; lastKnownFileType = file.storyboard; path = LaunchScreen.storyboard; sourceTree = "<group>"; };
		1A0000010000000000000014 /* AppDelegate.h */ = {isa = PBXFileReference; lastKnownFileType = sourcecode.c.h; path = AppDelegate.h; sourceTree = "<group>"; };
		1A0000010000000000000015 /* Info.plist */ = {isa = PBXFileReference; lastKnownFileType = text.plist.xml; path = Info.plist; sourceTree = "<group>"; };
		1A0000010000000000000016 /* FinanceAppRN.app */ = {isa = PBXFileReference; explicitFileType = wrapper.application; includeInIndex = 0; path = FinanceAppRN.app; sourceTree = BUILT_PRODUCTS_DIR; };
		24B2A26E9288F6488107E1D5 /* Pods-FinanceAppRN.release.xcconfig */ = {isa = PBXFileReference; includeInIndex = 1; lastKnownFileType = text.xcconfig; name = "Pods-FinanceAppRN.release.xcconfig"; path = "Target Support Files/Pods-FinanceAppRN/Pods-FinanceAppRN.release.xcconfig"; sourceTree = "<group>"; };
		D817A7C3275971E1E80CF02C /* libPods-FinanceAppRN.a */ = {isa = PBXFileReference; explicitFileType = archive.ar; includeInIndex = 0; path = "libPods-FinanceAppRN.a"; sourceTree = BUILT_PRODUCTS_DIR; };
		F15BF13E6F6CD95950BDA1C3 /* Pods-FinanceAppRN.debug.xcconfig */ = {isa = PBXFileReference; includeInIndex = 1; lastKnownFileType = text.xcconfig; name = "Pods-FinanceAppRN.debug.xcconfig"; path = "Target Support Files/Pods-FinanceAppRN/Pods-FinanceAppRN.debug.xcconfig"; sourceTree = "<group>"; };
/* End PBXFileReference section */

/* Begin PBXFrameworksBuildPhase section */
		1A0000010000000000000021 /* Frameworks */ = {
			isa = PBXFrameworksBuildPhase;
			buildActionMask = 2147483647;
			files = (
				44B0598F90B72B37CDF374B6 /* libPods-FinanceAppRN.a in Frameworks */,
			);
			runOnlyForDeploymentPostprocessing = 0;
		};
/* End PBXFrameworksBuildPhase section */

/* Begin PBXGroup section */
		1A0000010000000000000031 = {
			isa = PBXGroup;
			children = (
				1A0000010000000000000032 /* FinanceAppRN */,
				1A0000010000000000000033 /* Products */,
				E1D7FE5D810C6FE933324C13 /* Pods */,
				D018FA37FA7280F6DEF0E32B /* Frameworks */,
			);
			sourceTree = "<group>";
		};
		1A0000010000000000000032 /* FinanceAppRN */ = {
			isa = PBXGroup;
			children = (
				1A0000010000000000000014 /* AppDelegate.h */,
				1A0000010000000000000012 /* AppDelegate.mm */,
				1A0000010000000000000011 /* main.m */,
				1A0000010000000000000015 /* Info.plist */,
				1A0000010000000000000013 /* LaunchScreen.storyboard */,
			);
			path = FinanceAppRN;
			sourceTree = "<group>";
		};
		1A0000010000000000000033 /* Products */ = {
			isa = PBXGroup;
			children = (
				1A0000010000000000000016 /* FinanceAppRN.app */,
			);
			name = Products;
			sourceTree = "<group>";
		};
		D018FA37FA7280F6DEF0E32B /* Frameworks */ = {
			isa = PBXGroup;
			children = (
				D817A7C3275971E1E80CF02C /* libPods-FinanceAppRN.a */,
			);
			name = Frameworks;
			sourceTree = "<group>";
		};
		E1D7FE5D810C6FE933324C13 /* Pods */ = {
			isa = PBXGroup;
			children = (
				F15BF13E6F6CD95950BDA1C3 /* Pods-FinanceAppRN.debug.xcconfig */,
				24B2A26E9288F6488107E1D5 /* Pods-FinanceAppRN.release.xcconfig */,
			);
			name = Pods;
			path = Pods;
			sourceTree = "<group>";
		};
/* End PBXGroup section */

/* Begin PBXNativeTarget section */
		1A0000010000000000000041 /* FinanceAppRN */ = {
			isa = PBXNativeTarget;
			buildConfigurationList = 1A0000010000000000000081 /* Build configuration list for PBXNativeTarget "FinanceAppRN" */;
			buildPhases = (
				04B5D97B48689DBC8D2B0A19 /* [CP] Check Pods Manifest.lock */,
				1A0000010000000000000051 /* Sources */,
				1A0000010000000000000021 /* Frameworks */,
				1A0000010000000000000061 /* Resources */,
				D7D1BE4F556643F2FF96B017 /* [CP] Embed Pods Frameworks */,
				1884FB04101F87A2C9DACB77 /* [CP] Copy Pods Resources */,
			);
			buildRules = (
			);
			dependencies = (
			);
			name = FinanceAppRN;
			productName = FinanceAppRN;
			productReference = 1A0000010000000000000016 /* FinanceAppRN.app */;
			productType = "com.apple.product-type.application";
		};
/* End PBXNativeTarget section */

/* Begin PBXProject section */
		1A0000010000000000000071 /* Project object */ = {
			isa = PBXProject;
			attributes = {
				LastUpgradeCheck = 1300;
				TargetAttributes = {
					1A0000010000000000000041 = {
						CreatedOnToolsVersion = 13.0;
					};
				};
			};
			buildConfigurationList = 1A0000010000000000000091 /* Build configuration list for PBXProject "FinanceAppRN" */;
			compatibilityVersion = "Xcode 11.0";
			developmentRegion = "zh-Hans";
			hasScannedForEncodings = 0;
			knownRegions = (
				"zh-Hans",
				en,
				Base,
			);
			mainGroup = 1A0000010000000000000031;
			productRefGroup = 1A0000010000000000000033 /* Products */;
			projectDirPath = "";
			projectRoot = "";
			targets = (
				1A0000010000000000000041 /* FinanceAppRN */,
			);
		};
/* End PBXProject section */

/* Begin PBXResourcesBuildPhase section */
		1A0000010000000000000061 /* Resources */ = {
			isa = PBXResourcesBuildPhase;
			buildActionMask = 2147483647;
			files = (
				1A0000010000000000000003 /* LaunchScreen.storyboard in Resources */,
			);
			runOnlyForDeploymentPostprocessing = 0;
		};
/* End PBXResourcesBuildPhase section */

/* Begin PBXShellScriptBuildPhase section */
		04B5D97B48689DBC8D2B0A19 /* [CP] Check Pods Manifest.lock */ = {
			isa = PBXShellScriptBuildPhase;
			buildActionMask = 2147483647;
			files = (
			);
			inputFileListPaths = (
			);
			inputPaths = (
				"${PODS_PODFILE_DIR_PATH}/Podfile.lock",
				"${PODS_ROOT}/Manifest.lock",
			);
			name = "[CP] Check Pods Manifest.lock";
			outputFileListPaths = (
			);
			outputPaths = (
				"$(DERIVED_FILE_DIR)/Pods-FinanceAppRN-checkManifestLockResult.txt",
			);
			runOnlyForDeploymentPostprocessing = 0;
			shellPath = /bin/sh;
			shellScript = "diff \"${PODS_PODFILE_DIR_PATH}/Podfile.lock\" \"${PODS_ROOT}/Manifest.lock\" > /dev/null\nif [ $? != 0 ] ; then\n    # print error to STDERR\n    echo \"error: The sandbox is not in sync with the Podfile.lock. Run 'pod install' or update your CocoaPods installation.\" >&2\n    exit 1\nfi\n# This output is used by Xcode 'outputs' to avoid re-running this script phase.\necho \"SUCCESS\" > \"${SCRIPT_OUTPUT_FILE_0}\"\n";
			showEnvVarsInLog = 0;
		};
		1884FB04101F87A2C9DACB77 /* [CP] Copy Pods Resources */ = {
			isa = PBXShellScriptBuildPhase;
			buildActionMask = 2147483647;
			files = (
			);
			inputFileListPaths = (
				"${PODS_ROOT}/Target Support Files/Pods-FinanceAppRN/Pods-FinanceAppRN-resources-${CONFIGURATION}-input-files.xcfilelist",
			);
			name = "[CP] Copy Pods Resources";
			outputFileListPaths = (
				"${PODS_ROOT}/Target Support Files/Pods-FinanceAppRN/Pods-FinanceAppRN-resources-${CONFIGURATION}-output-files.xcfilelist",
			);
			runOnlyForDeploymentPostprocessing = 0;
			shellPath = /bin/sh;
			shellScript = "\"${PODS_ROOT}/Target Support Files/Pods-FinanceAppRN/Pods-FinanceAppRN-resources.sh\"\n";
			showEnvVarsInLog = 0;
		};
		D7D1BE4F556643F2FF96B017 /* [CP] Embed Pods Frameworks */ = {
			isa = PBXShellScriptBuildPhase;
			buildActionMask = 2147483647;
			files = (
			);
			inputFileListPaths = (
				"${PODS_ROOT}/Target Support Files/Pods-FinanceAppRN/Pods-FinanceAppRN-frameworks-${CONFIGURATION}-input-files.xcfilelist",
			);
			name = "[CP] Embed Pods Frameworks";
			outputFileListPaths = (
				"${PODS_ROOT}/Target Support Files/Pods-FinanceAppRN/Pods-FinanceAppRN-frameworks-${CONFIGURATION}-output-files.xcfilelist",
			);
			runOnlyForDeploymentPostprocessing = 0;
			shellPath = /bin/sh;
			shellScript = "\"${PODS_ROOT}/Target Support Files/Pods-FinanceAppRN/Pods-FinanceAppRN-frameworks.sh\"\n";
			showEnvVarsInLog = 0;
		};
/* End PBXShellScriptBuildPhase section */

/* Begin PBXSourcesBuildPhase section */
		1A0000010000000000000051 /* Sources */ = {
			isa = PBXSourcesBuildPhase;
			buildActionMask = 2147483647;
			files = (
				1A0000010000000000000001 /* main.m in Sources */,
				1A0000010000000000000002 /* AppDelegate.mm in Sources */,
			);
			runOnlyForDeploymentPostprocessing = 0;
		};
/* End PBXSourcesBuildPhase section */

/* Begin XCBuildConfiguration section */
		1A0000010000000000000101 /* Debug */ = {
			isa = XCBuildConfiguration;
			buildSettings = {
				ALWAYS_SEARCH_USER_PATHS = NO;
				CLANG_ENABLE_MODULES = YES;
				CLANG_ENABLE_OBJC_ARC = YES;
				DEBUG_INFORMATION_FORMAT = dwarf;
				ENABLE_TESTABILITY = YES;
				GCC_C_LANGUAGE_STANDARD = gnu11;
				IPHONEOS_DEPLOYMENT_TARGET = 13.4;
				ONLY_ACTIVE_ARCH = YES;
				SDKROOT = iphoneos;
			};
			name = Debug;
		};
		1A0000010000000000000102 /* Release */ = {
			isa = XCBuildConfiguration;
			buildSettings = {
				ALWAYS_SEARCH_USER_PATHS = NO;
				CLANG_ENABLE_MODULES = YES;
				CLANG_ENABLE_OBJC_ARC = YES;
				DEBUG_INFORMATION_FORMAT = "dwarf-with-dsym";
				IPHONEOS_DEPLOYMENT_TARGET = 13.4;
				SDKROOT = iphoneos;
				VALIDATE_PRODUCT = YES;
			};
			name = Release;
		};
		1A0000010000000000000111 /* Debug */ = {
			isa = XCBuildConfiguration;
			baseConfigurationReference = F15BF13E6F6CD95950BDA1C3 /* Pods-FinanceAppRN.debug.xcconfig */;
			buildSettings = {
				CODE_SIGN_STYLE = Automatic;
				INFOPLIST_FILE = FinanceAppRN/Info.plist;
				LD_RUNPATH_SEARCH_PATHS = (
					"$(inherited)",
					"@executable_path/Frameworks",
				);
				PRODUCT_BUNDLE_IDENTIFIER = com.learning.FinanceAppRN;
				PRODUCT_NAME = "$(TARGET_NAME)";
				TARGETED_DEVICE_FAMILY = "1,2";
			};
			name = Debug;
		};
		1A0000010000000000000112 /* Release */ = {
			isa = XCBuildConfiguration;
			baseConfigurationReference = 24B2A26E9288F6488107E1D5 /* Pods-FinanceAppRN.release.xcconfig */;
			buildSettings = {
				CODE_SIGN_STYLE = Automatic;
				INFOPLIST_FILE = FinanceAppRN/Info.plist;
				LD_RUNPATH_SEARCH_PATHS = (
					"$(inherited)",
					"@executable_path/Frameworks",
				);
				PRODUCT_BUNDLE_IDENTIFIER = com.learning.FinanceAppRN;
				PRODUCT_NAME = "$(TARGET_NAME)";
				TARGETED_DEVICE_FAMILY = "1,2";
			};
			name = Release;
		};
/* End XCBuildConfiguration section */

/* Begin XCConfigurationList section */
		1A0000010000000000000081 /* Build configuration list for PBXNativeTarget "FinanceAppRN" */ = {
			isa = XCConfigurationList;
			buildConfigurations = (
				1A0000010000000000000111 /* Debug */,
				1A0000010000000000000112 /* Release */,
			);
			defaultConfigurationIsVisible = 0;
			defaultConfigurationName = Release;
		};
		1A0000010000000000000091 /* Build configuration list for PBXProject "FinanceAppRN" */ = {
			isa = XCConfigurationList;
			buildConfigurations = (
				1A0000010000000000000101 /* Debug */,
				1A0000010000000000000102 /* Release */,
			);
			defaultConfigurationIsVisible = 0;
			defaultConfigurationName = Release;
		};
/* End XCConfigurationList section */
	};
	rootObject = 1A0000010000000000000071 /* Project object */;
}
